
Microsoft Visual Studio Solution File, Format Version 12.00
# Visual Studio 15
VisualStudioVersion = 15.0.27004.2002
MinimumVisualStudioVersion = 10.0.40219.1
Project("{FAE04EC0-301F-11D3-BF4B-00C04F79EFBC}") = "SnakeGame", "SnakeGame\SnakeGame.csproj", "{B9003DF1-0037-475C-9A93-85504752173A}"
EndProject
Global
	GlobalSection(SolutionConfigurationPlatforms) = preSolution
		Debug|x86 = Debug|x86
		Release|x86 = Release|x86
	EndGlobalSection
	GlobalSection(ProjectConfigurationPlatforms) = postSolution
		{B9003DF1-0037-475C-9A93-85504752173A}.Debug|x86.ActiveCfg = Debug|x86
		{B9003DF1-0037-475C-9A93-85504752173A}.Debug|x86.Build.0 = Debug|x86
		{B9003DF1-0037-475C-9A93-85504752173A}.Release|x86.ActiveCfg = Release|x86
		{B9003DF1-0037-475C-9A93-85504752173A}.Release|x86.Build.0 = Release|x86
	EndGlobalSection
	GlobalSection(SolutionProperties) = preSolution
		HideSolutionNode = FALSE
	EndGlobalSection
	GlobalSection(ExtensibilityGlobals) = postSolution
		SolutionGuid = {790283FA-7104-407A-8A22-D11C3D7D5482}
	EndGlobalSection
EndGlobal
